
Microsoft Visual Studio Solution File, Format Version 12.00
# Visual Studio Version 17
VisualStudioVersion = 17.0.31903.59
MinimumVisualStudioVersion = 10.0.40219.1
Project("{FAE04EC0-301F-11D3-BF4B-00C04F79EFBC}") = "Crochet.Api", "Crochet.Api\Crochet.Api.csproj", "{852D92A4-EE76-4A5A-862E-710E58F742B7}"
EndProject
Project("{FAE04EC0-301F-11D3-BF4B-00C04F79EFBC}") = "Crochet.Application", "Crochet.Application\Crochet.Application.csproj", "{3D2171AA-5D9C-404E-8C96-965223FB92DC}"
EndProject
Project("{FAE04EC0-301F-11D3-BF4B-00C04F79EFBC}") = "Crochet.Contracts", "Crochet.Contracts\Crochet.Contracts.csproj", "{4AE159B0-0887-4533-BD93-0B0D4C04406D}"
EndProject
Project("{2150E333-8FDC-42A3-9474-1A3956D46DE8}") = "Helpers", "Helpers", "{58874BC6-F8D6-48E2-A546-06E9033CCB3E}"
EndProject
Project("{FAE04EC0-301F-11D3-BF4B-00C04F79EFBC}") = "Identity.Api", "Helpers\Identity.Api\Identity.Api.csproj", "{56162499-C2AE-4F6A-B9F1-DD37EB6F0781}"
EndProject
Global
	GlobalSection(SolutionConfigurationPlatforms) = preSolution
		Debug|Any CPU = Debug|Any CPU
		Release|Any CPU = Release|Any CPU
	EndGlobalSection
	GlobalSection(SolutionProperties) = preSolution
		HideSolutionNode = FALSE
	EndGlobalSection
	GlobalSection(ProjectConfigurationPlatforms) = postSolution
		{852D92A4-EE76-4A5A-862E-710E58F742B7}.Debug|Any CPU.ActiveCfg = Debug|Any CPU
		{852D92A4-EE76-4A5A-862E-710E58F742B7}.Debug|Any CPU.Build.0 = Debug|Any CPU
		{852D92A4-EE76-4A5A-862E-710E58F742B7}.Release|Any CPU.ActiveCfg = Release|Any CPU
		{852D92A4-EE76-4A5A-862E-710E58F742B7}.Release|Any CPU.Build.0 = Release|Any CPU
		{3D2171AA-5D9C-404E-8C96-965223FB92DC}.Debug|Any CPU.ActiveCfg = Debug|Any CPU
		{3D2171AA-5D9C-404E-8C96-965223FB92DC}.Debug|Any CPU.Build.0 = Debug|Any CPU
		{3D2171AA-5D9C-404E-8C96-965223FB92DC}.Release|Any CPU.ActiveCfg = Release|Any CPU
		{3D2171AA-5D9C-404E-8C96-965223FB92DC}.Release|Any CPU.Build.0 = Release|Any CPU
		{4AE159B0-0887-4533-BD93-0B0D4C04406D}.Debug|Any CPU.ActiveCfg = Debug|Any CPU
		{4AE159B0-0887-4533-BD93-0B0D4C04406D}.Debug|Any CPU.Build.0 = Debug|Any CPU
		{4AE159B0-0887-4533-BD93-0B0D4C04406D}.Release|Any CPU.ActiveCfg = Release|Any CPU
		{4AE159B0-0887-4533-BD93-0B0D4C04406D}.Release|Any CPU.Build.0 = Release|Any CPU
		{56162499-C2AE-4F6A-B9F1-DD37EB6F0781}.Debug|Any CPU.ActiveCfg = Debug|Any CPU
		{56162499-C2AE-4F6A-B9F1-DD37EB6F0781}.Debug|Any CPU.Build.0 = Debug|Any CPU
		{56162499-C2AE-4F6A-B9F1-DD37EB6F0781}.Release|Any CPU.ActiveCfg = Release|Any CPU
		{56162499-C2AE-4F6A-B9F1-DD37EB6F0781}.Release|Any CPU.Build.0 = Release|Any CPU
	EndGlobalSection
	GlobalSection(NestedProjects) = preSolution
		{56162499-C2AE-4F6A-B9F1-DD37EB6F0781} = {58874BC6-F8D6-48E2-A546-06E9033CCB3E}
	EndGlobalSection
EndGlobal
